
Microsoft Visual Studio Solution File, Format Version 12.00
# Visual Studio Version 16
VisualStudioVersion = 16.0.31829.152
MinimumVisualStudioVersion = 10.0.40219.1
Project("{FAE04EC0-301F-11D3-BF4B-00C04F79EFBC}") = "Patrones_GOF", "Patrones_GOF.csproj", "{38F0524B-B3FE-47B3-BDAD-A029F91CDD8D}"
EndProject
Global
	GlobalSection(SolutionConfigurationPlatforms) = preSolution
		Debug|Any CPU = Debug|Any CPU
		Release|Any CPU = Release|Any CPU
	EndGlobalSection
	GlobalSection(ProjectConfigurationPlatforms) = postSolution
		{38F0524B-B3FE-47B3-BDAD-A029F91CDD8D}.Debug|Any CPU.ActiveCfg = Debug|Any CPU
		{38F0524B-B3FE-47B3-BDAD-A029F91CDD8D}.Debug|Any CPU.Build.0 = Debug|Any CPU
		{38F0524B-B3FE-47B3-BDAD-A029F91CDD8D}.Release|Any CPU.ActiveCfg = Release|Any CPU
		{38F0524B-B3FE-47B3-BDAD-A029F91CDD8D}.Release|Any CPU.Build.0 = Release|Any CPU
	EndGlobalSection
	GlobalSection(SolutionProperties) = preSolution
		HideSolutionNode = FALSE
	EndGlobalSection
	GlobalSection(ExtensibilityGlobals) = postSolution
		SolutionGuid = {6F52357C-EADB-4D38-91AB-4793B2C1DDC5}
	EndGlobalSection
EndGlobal
